// !$*UTF8*$!
{
	archiveVersion = 1;
	classes = {
	};
	objectVersion = 46;
	objects = {

/* Begin PBXBuildFile section */
		DA5C71921697038500623135 /* UIKit.framework in Frameworks */ = {isa = PBXBuildFile; fileRef = DA5C71911697038500623135 /* UIKit.framework */; };
		DA5C71941697038500623135 /* Foundation.framework in Frameworks */ = {isa = PBXBuildFile; fileRef = DA5C71931697038500623135 /* Foundation.framework */; };
		DA5C71961697038500623135 /* CoreGraphics.framework in Frameworks */ = {isa = PBXBuildFile; fileRef = DA5C71951697038500623135 /* CoreGraphics.framework */; };
		DA5C71F4169704BC00623135 /* AppDelegate.m in Sources */ = {isa = PBXBuildFile; fileRef = DA5C71CA169704BC00623135 /* AppDelegate.m */; };
		DA5C71F5169704BC00623135 /* RecordViewController.m in Sources */ = {isa = PBXBuildFile; fileRef = DA5C71CC169704BC00623135 /* RecordViewController.m */; };
		DA5C71F7169704BC00623135 /* main.m in Sources */ = {isa = PBXBuildFile; fileRef = DA5C71D0169704BC00623135 /* main.m */; };
		DA5C71F8169704BC00623135 /* Default-568h@2x.png in Resources */ = {isa = PBXBuildFile; fileRef = DA5C71D4169704BC00623135 /* Default-568h@2x.png */; };
		DA5C71F9169704BC00623135 /* Default.png in Resources */ = {isa = PBXBuildFile; fileRef = DA5C71D5169704BC00623135 /* Default.png */; };
		DA5C71FA169704BC00623135 /* Default@2x.png in Resources */ = {isa = PBXBuildFile; fileRef = DA5C71D6169704BC00623135 /* Default@2x.png */; };
		DA5C71FB169704BC00623135 /* Icon.png in Resources */ = {isa = PBXBuildFile; fileRef = DA5C71D7169704BC00623135 /* Icon.png */; };
		DA5C71FC169704BC00623135 /* Icon@2x.png in Resources */ = {isa = PBXBuildFile; fileRef = DA5C71D8169704BC00623135 /* Icon@2x.png */; };
		DA5C71FD169704BC00623135 /* Icon~ipad.png in Resources */ = {isa = PBXBuildFile; fileRef = DA5C71D9169704BC00623135 /* Icon~ipad.png */; };
		DA5C71FE169704BC00623135 /* Icon~ipad@2x.png in Resources */ = {isa = PBXBuildFile; fileRef = DA5C71DA169704BC00623135 /* Icon~ipad@2x.png */; };
		DA5C71FF169704BC00623135 /* arches.png in Resources */ = {isa = PBXBuildFile; fileRef = DA5C71DC169704BC00623135 /* arches.png */; };
		DA5C7200169704BC00623135 /* arches@2x.png in Resources */ = {isa = PBXBuildFile; fileRef = DA5C71DD169704BC00623135 /* arches@2x.png */; };
		DA5C7201169704BC00623135 /* archive-button-highlighted.png in Resources */ = {isa = PBXBuildFile; fileRef = DA5C71DE169704BC00623135 /* archive-button-highlighted.png */; };
		DA5C7202169704BC00623135 /* archive-button-highlighted@2x.png in Resources */ = {isa = PBXBuildFile; fileRef = DA5C71DF169704BC00623135 /* archive-button-highlighted@2x.png */; };
		DA5C7203169704BC00623135 /* archive-button.png in Resources */ = {isa = PBXBuildFile; fileRef = DA5C71E0169704BC00623135 /* archive-button.png */; };
		DA5C7204169704BC00623135 /* archive-button@2x.png in Resources */ = {isa = PBXBuildFile; fileRef = DA5C71E1169704BC00623135 /* archive-button@2x.png */; };
		DA5C7207169704BC00623135 /* nav-background.png in Resources */ = {isa = PBXBuildFile; fileRef = DA5C71E4169704BC00623135 /* nav-background.png */; };
		DA5C7208169704BC00623135 /* nav-background@2x.png in Resources */ = {isa = PBXBuildFile; fileRef = DA5C71E5169704BC00623135 /* nav-background@2x.png */; };
		DA5C72201697086B00623135 /* RecordingsViewController.m in Sources */ = {isa = PBXBuildFile; fileRef = DA5C721F1697086B00623135 /* RecordingsViewController.m */; };
		DA5C722516977AF300623135 /* TabBar-Record.png in Resources */ = {isa = PBXBuildFile; fileRef = DA5C722116977AF300623135 /* TabBar-Record.png */; };
		DA5C722616977AF300623135 /* TabBar-Record@2x.png in Resources */ = {isa = PBXBuildFile; fileRef = DA5C722216977AF300623135 /* TabBar-Record@2x.png */; };
		DA5C722716977AF300623135 /* TabBar-Recordings.png in Resources */ = {isa = PBXBuildFile; fileRef = DA5C722316977AF300623135 /* TabBar-Recordings.png */; };
		DA5C722816977AF300623135 /* TabBar-Recordings@2x.png in Resources */ = {isa = PBXBuildFile; fileRef = DA5C722416977AF300623135 /* TabBar-Recordings@2x.png */; };
		DA5C722A16977ED700623135 /* AVFoundation.framework in Frameworks */ = {isa = PBXBuildFile; fileRef = DA5C722916977ED700623135 /* AVFoundation.framework */; };
		DA5C722D16977EED00623135 /* CoreMedia.framework in Frameworks */ = {isa = PBXBuildFile; fileRef = DA5C722B16977EED00623135 /* CoreMedia.framework */; };
		DA5C722E16977EED00623135 /* CoreVideo.framework in Frameworks */ = {isa = PBXBuildFile; fileRef = DA5C722C16977EED00623135 /* CoreVideo.framework */; };
		DA5C72301697849500623135 /* MediaPlayer.framework in Frameworks */ = {isa = PBXBuildFile; fileRef = DA5C722F1697849500623135 /* MediaPlayer.framework */; };
		DA5C72501697924200623135 /* Gotham-Bold.otf in Resources */ = {isa = PBXBuildFile; fileRef = DA5C724C1697924200623135 /* Gotham-Bold.otf */; };
		DA5C72511697924200623135 /* Gotham-BoldItalic.otf in Resources */ = {isa = PBXBuildFile; fileRef = DA5C724D1697924200623135 /* Gotham-BoldItalic.otf */; };
		DA5C72521697924200623135 /* Gotham-Book.otf in Resources */ = {isa = PBXBuildFile; fileRef = DA5C724E1697924200623135 /* Gotham-Book.otf */; };
		DA5C72531697924200623135 /* Gotham-BookItalic.otf in Resources */ = {isa = PBXBuildFile; fileRef = DA5C724F1697924200623135 /* Gotham-BookItalic.otf */; };
		DA5C72561697934B00623135 /* MyriadPro-Bold.otf in Resources */ = {isa = PBXBuildFile; fileRef = DA5C72541697934B00623135 /* MyriadPro-Bold.otf */; };
		DA5C72571697934B00623135 /* MyriadPro-Regular.otf in Resources */ = {isa = PBXBuildFile; fileRef = DA5C72551697934B00623135 /* MyriadPro-Regular.otf */; };
		DA5C726216979C8C00623135 /* RecordButton-Disabled.png in Resources */ = {isa = PBXBuildFile; fileRef = DA5C725816979C8C00623135 /* RecordButton-Disabled.png */; };
		DA5C726316979C8C00623135 /* RecordButton-Disabled@2x.png in Resources */ = {isa = PBXBuildFile; fileRef = DA5C725916979C8C00623135 /* RecordButton-Disabled@2x.png */; };
		DA5C726416979C8C00623135 /* RecordButton-Pressed.png in Resources */ = {isa = PBXBuildFile; fileRef = DA5C725A16979C8C00623135 /* RecordButton-Pressed.png */; };
		DA5C726516979C8C00623135 /* RecordButton1-Normal.png in Resources */ = {isa = PBXBuildFile; fileRef = DA5C725B16979C8C00623135 /* RecordButton1-Normal.png */; };
		DA5C726616979C8C00623135 /* RecordButton1-Normal@2x.png in Resources */ = {isa = PBXBuildFile; fileRef = DA5C725C16979C8C00623135 /* RecordButton1-Normal@2x.png */; };
		DA5C726716979C8C00623135 /* RecordButton1-Pressed.png in Resources */ = {isa = PBXBuildFile; fileRef = DA5C725D16979C8C00623135 /* RecordButton1-Pressed.png */; };
		DA5C726816979C8C00623135 /* RecordButton1-Pressed@2x.png in Resources */ = {isa = PBXBuildFile; fileRef = DA5C725E16979C8C00623135 /* RecordButton1-Pressed@2x.png */; };
		DA5C726916979C8C00623135 /* RecordButton2-Normal.png in Resources */ = {isa = PBXBuildFile; fileRef = DA5C725F16979C8C00623135 /* RecordButton2-Normal.png */; };
		DA5C726A16979C8C00623135 /* RecordButton2-Normal@2x.png in Resources */ = {isa = PBXBuildFile; fileRef = DA5C726016979C8C00623135 /* RecordButton2-Normal@2x.png */; };
		DA5C726B16979C8C00623135 /* RecordButton2-Pressed@2x.png in Resources */ = {isa = PBXBuildFile; fileRef = DA5C726116979C8C00623135 /* RecordButton2-Pressed@2x.png */; };
		DA5C726E1697BAE900623135 /* MTStatusBarOverlay.m in Sources */ = {isa = PBXBuildFile; fileRef = DA5C726D1697BAE800623135 /* MTStatusBarOverlay.m */; };
		DA5C72751697BD1F00623135 /* NSTimer+Blocks.m in Sources */ = {isa = PBXBuildFile; fileRef = DA5C72741697BD1F00623135 /* NSTimer+Blocks.m */; };
		DA5C727E1697E78F00623135 /* nav-back-highlighted.png in Resources */ = {isa = PBXBuildFile; fileRef = DA5C72761697E78F00623135 /* nav-back-highlighted.png */; };
		DA5C727F1697E78F00623135 /* nav-back-highlighted@2x.png in Resources */ = {isa = PBXBuildFile; fileRef = DA5C72771697E78F00623135 /* nav-back-highlighted@2x.png */; };
		DA5C72801697E78F00623135 /* nav-back.png in Resources */ = {isa = PBXBuildFile; fileRef = DA5C72781697E78F00623135 /* nav-back.png */; };
		DA5C72811697E78F00623135 /* nav-back@2x.png in Resources */ = {isa = PBXBuildFile; fileRef = DA5C72791697E78F00623135 /* nav-back@2x.png */; };
		DA5C72821697E78F00623135 /* nav-button-highlighted.png in Resources */ = {isa = PBXBuildFile; fileRef = DA5C727A1697E78F00623135 /* nav-button-highlighted.png */; };
		DA5C72831697E78F00623135 /* nav-button-highlighted@2x.png in Resources */ = {isa = PBXBuildFile; fileRef = DA5C727B1697E78F00623135 /* nav-button-highlighted@2x.png */; };
		DA5C72841697E78F00623135 /* nav-button.png in Resources */ = {isa = PBXBuildFile; fileRef = DA5C727C1697E78F00623135 /* nav-button.png */; };
		DA5C72851697E78F00623135 /* nav-button@2x.png in Resources */ = {isa = PBXBuildFile; fileRef = DA5C727D1697E78F00623135 /* nav-button@2x.png */; };
		DA5C72891697E88100623135 /* NGTableViewCellDeleteConfirmationControl.m in Sources */ = {isa = PBXBuildFile; fileRef = DA5C72881697E88100623135 /* NGTableViewCellDeleteConfirmationControl.m */; };
		DA5C728B1697E9D200623135 /* QuartzCore.framework in Frameworks */ = {isa = PBXBuildFile; fileRef = DA5C728A1697E9D200623135 /* QuartzCore.framework */; };
/* End PBXBuildFile section */

/* Begin PBXFileReference section */
		DA5C718E1697038500623135 /* RecordScreen.app */ = {isa = PBXFileReference; explicitFileType = wrapper.application; includeInIndex = 0; path = RecordScreen.app; sourceTree = BUILT_PRODUCTS_DIR; };
		DA5C71911697038500623135 /* UIKit.framework */ = {isa = PBXFileReference; lastKnownFileType = wrapper.framework; name = UIKit.framework; path = System/Library/Frameworks/UIKit.framework; sourceTree = SDKROOT; };
		DA5C71931697038500623135 /* Foundation.framework */ = {isa = PBXFileReference; lastKnownFileType = wrapper.framework; name = Foundation.framework; path = System/Library/Frameworks/Foundation.framework; sourceTree = SDKROOT; };
		DA5C71951697038500623135 /* CoreGraphics.framework */ = {isa = PBXFileReference; lastKnownFileType = wrapper.framework; name = CoreGraphics.framework; path = System/Library/Frameworks/CoreGraphics.framework; sourceTree = SDKROOT; };
		DA5C71C9169704BC00623135 /* AppDelegate.h */ = {isa = PBXFileReference; fileEncoding = 4; lastKnownFileType = sourcecode.c.h; path = AppDelegate.h; sourceTree = "<group>"; };
		DA5C71CA169704BC00623135 /* AppDelegate.m */ = {isa = PBXFileReference; fileEncoding = 4; lastKnownFileType = sourcecode.c.objc; path = AppDelegate.m; sourceTree = "<group>"; };
		DA5C71CB169704BC00623135 /* RecordViewController.h */ = {isa = PBXFileReference; fileEncoding = 4; lastKnownFileType = sourcecode.c.h; path = RecordViewController.h; sourceTree = "<group>"; };
		DA5C71CC169704BC00623135 /* RecordViewController.m */ = {isa = PBXFileReference; fileEncoding = 4; lastKnownFileType = sourcecode.c.objc; path = RecordViewController.m; sourceTree = "<group>"; };
		DA5C71D0169704BC00623135 /* main.m */ = {isa = PBXFileReference; fileEncoding = 4; lastKnownFileType = sourcecode.c.objc; path = main.m; sourceTree = "<group>"; };
		DA5C71D1169704BC00623135 /* RecordScreen-Prefix.pch */ = {isa = PBXFileReference; fileEncoding = 4; lastKnownFileType = sourcecode.c.h; path = "RecordScreen-Prefix.pch"; sourceTree = "<group>"; };
		DA5C71D4169704BC00623135 /* Default-568h@2x.png */ = {isa = PBXFileReference; lastKnownFileType = image.png; path = "Default-568h@2x.png"; sourceTree = "<group>"; };
		DA5C71D5169704BC00623135 /* Default.png */ = {isa = PBXFileReference; lastKnownFileType = image.png; path = Default.png; sourceTree = "<group>"; };
		DA5C71D6169704BC00623135 /* Default@2x.png */ = {isa = PBXFileReference; lastKnownFileType = image.png; path = "Default@2x.png"; sourceTree = "<group>"; };
		DA5C71D7169704BC00623135 /* Icon.png */ = {isa = PBXFileReference; lastKnownFileType = image.png; path = Icon.png; sourceTree = "<group>"; };
		DA5C71D8169704BC00623135 /* Icon@2x.png */ = {isa = PBXFileReference; lastKnownFileType = image.png; path = "Icon@2x.png"; sourceTree = "<group>"; };
		DA5C71D9169704BC00623135 /* Icon~ipad.png */ = {isa = PBXFileReference; lastKnownFileType = image.png; path = "Icon~ipad.png"; sourceTree = "<group>"; };
		DA5C71DA169704BC00623135 /* Icon~ipad@2x.png */ = {isa = PBXFileReference; lastKnownFileType = image.png; path = "Icon~ipad@2x.png"; sourceTree = "<group>"; };
		DA5C71DC169704BC00623135 /* arches.png */ = {isa = PBXFileReference; lastKnownFileType = image.png; path = arches.png; sourceTree = "<group>"; };
		DA5C71DD169704BC00623135 /* arches@2x.png */ = {isa = PBXFileReference; lastKnownFileType = image.png; path = "arches@2x.png"; sourceTree = "<group>"; };
		DA5C71DE169704BC00623135 /* archive-button-highlighted.png */ = {isa = PBXFileReference; lastKnownFileType = image.png; path = "archive-button-highlighted.png"; sourceTree = "<group>"; };
		DA5C71DF169704BC00623135 /* archive-button-highlighted@2x.png */ = {isa = PBXFileReference; lastKnownFileType = image.png; path = "archive-button-highlighted@2x.png"; sourceTree = "<group>"; };
		DA5C71E0169704BC00623135 /* archive-button.png */ = {isa = PBXFileReference; lastKnownFileType = image.png; path = "archive-button.png"; sourceTree = "<group>"; };
		DA5C71E1169704BC00623135 /* archive-button@2x.png */ = {isa = PBXFileReference; lastKnownFileType = image.png; path = "archive-button@2x.png"; sourceTree = "<group>"; };
		DA5C71E4169704BC00623135 /* nav-background.png */ = {isa = PBXFileReference; lastKnownFileType = image.png; path = "nav-background.png"; sourceTree = "<group>"; };
		DA5C71E5169704BC00623135 /* nav-background@2x.png */ = {isa = PBXFileReference; lastKnownFileType = image.png; path = "nav-background@2x.png"; sourceTree = "<group>"; };
		DA5C71F3169704BC00623135 /* RecordScreen-Info.plist */ = {isa = PBXFileReference; fileEncoding = 4; lastKnownFileType = text.plist.xml; path = "RecordScreen-Info.plist"; sourceTree = "<group>"; };
		DA5C721E1697086B00623135 /* RecordingsViewController.h */ = {isa = PBXFileReference; fileEncoding = 4; lastKnownFileType = sourcecode.c.h; path = RecordingsViewController.h; sourceTree = "<group>"; };
		DA5C721F1697086B00623135 /* RecordingsViewController.m */ = {isa = PBXFileReference; fileEncoding = 4; lastKnownFileType = sourcecode.c.objc; path = RecordingsViewController.m; sourceTree = "<group>"; };
		DA5C722116977AF300623135 /* TabBar-Record.png */ = {isa = PBXFileReference; lastKnownFileType = image.png; path = "TabBar-Record.png"; sourceTree = "<group>"; };
		DA5C722216977AF300623135 /* TabBar-Record@2x.png */ = {isa = PBXFileReference; lastKnownFileType = image.png; path = "TabBar-Record@2x.png"; sourceTree = "<group>"; };
		DA5C722316977AF300623135 /* TabBar-Recordings.png */ = {isa = PBXFileReference; lastKnownFileType = image.png; path = "TabBar-Recordings.png"; sourceTree = "<group>"; };
		DA5C722416977AF300623135 /* TabBar-Recordings@2x.png */ = {isa = PBXFileReference; lastKnownFileType = image.png; path = "TabBar-Recordings@2x.png"; sourceTree = "<group>"; };
		DA5C722916977ED700623135 /* AVFoundation.framework */ = {isa = PBXFileReference; lastKnownFileType = wrapper.framework; name = AVFoundation.framework; path = System/Library/Frameworks/AVFoundation.framework; sourceTree = SDKROOT; };
		DA5C722B16977EED00623135 /* CoreMedia.framework */ = {isa = PBXFileReference; lastKnownFileType = wrapper.framework; name = CoreMedia.framework; path = System/Library/Frameworks/CoreMedia.framework; sourceTree = SDKROOT; };
		DA5C722C16977EED00623135 /* CoreVideo.framework */ = {isa = PBXFileReference; lastKnownFileType = wrapper.framework; name = CoreVideo.framework; path = System/Library/Frameworks/CoreVideo.framework; sourceTree = SDKROOT; };
		DA5C722F1697849500623135 /* MediaPlayer.framework */ = {isa = PBXFileReference; lastKnownFileType = wrapper.framework; name = MediaPlayer.framework; path = System/Library/Frameworks/MediaPlayer.framework; sourceTree = SDKROOT; };
		DA5C7233169785BE00623135 /* CoreSurface.h */ = {isa = PBXFileReference; fileEncoding = 4; lastKnownFileType = sourcecode.c.h; path = CoreSurface.h; sourceTree = "<group>"; };
		DA5C7235169785BE00623135 /* IOSurface.h */ = {isa = PBXFileReference; fileEncoding = 4; lastKnownFileType = sourcecode.c.h; path = IOSurface.h; sourceTree = "<group>"; };
		DA5C7236169785BE00623135 /* IOSurfaceAPI.h */ = {isa = PBXFileReference; fileEncoding = 4; lastKnownFileType = sourcecode.c.h; path = IOSurfaceAPI.h; sourceTree = "<group>"; };
		DA5C7237169785BE00623135 /* IOSurfaceBase.h */ = {isa = PBXFileReference; fileEncoding = 4; lastKnownFileType = sourcecode.c.h; path = IOSurfaceBase.h; sourceTree = "<group>"; };
		DA5C7239169785BE00623135 /* IOBSD.h */ = {isa = PBXFileReference; fileEncoding = 4; lastKnownFileType = sourcecode.c.h; path = IOBSD.h; sourceTree = "<group>"; };
		DA5C723A169785BE00623135 /* IOCFBundle.h */ = {isa = PBXFileReference; fileEncoding = 4; lastKnownFileType = sourcecode.c.h; path = IOCFBundle.h; sourceTree = "<group>"; };
		DA5C723B169785BE00623135 /* IOCFPlugIn.h */ = {isa = PBXFileReference; fileEncoding = 4; lastKnownFileType = sourcecode.c.h; path = IOCFPlugIn.h; sourceTree = "<group>"; };
		DA5C723C169785BE00623135 /* IOCFSerialize.h */ = {isa = PBXFileReference; fileEncoding = 4; lastKnownFileType = sourcecode.c.h; path = IOCFSerialize.h; sourceTree = "<group>"; };
		DA5C723D169785BE00623135 /* IOCFUnserialize.h */ = {isa = PBXFileReference; fileEncoding = 4; lastKnownFileType = sourcecode.c.h; path = IOCFUnserialize.h; sourceTree = "<group>"; };
		DA5C723E169785BE00623135 /* IOCFURLAccess.h */ = {isa = PBXFileReference; fileEncoding = 4; lastKnownFileType = sourcecode.c.h; path = IOCFURLAccess.h; sourceTree = "<group>"; };
		DA5C723F169785BE00623135 /* IODataQueueClient.h */ = {isa = PBXFileReference; fileEncoding = 4; lastKnownFileType = sourcecode.c.h; path = IODataQueueClient.h; sourceTree = "<group>"; };
		DA5C7240169785BE00623135 /* IODataQueueShared.h */ = {isa = PBXFileReference; fileEncoding = 4; lastKnownFileType = sourcecode.c.h; path = IODataQueueShared.h; sourceTree = "<group>"; };
		DA5C7241169785BE00623135 /* IOKitKeys.h */ = {isa = PBXFileReference; fileEncoding = 4; lastKnownFileType = sourcecode.c.h; path = IOKitKeys.h; sourceTree = "<group>"; };
		DA5C7242169785BE00623135 /* IOKitLib.h */ = {isa = PBXFileReference; fileEncoding = 4; lastKnownFileType = sourcecode.c.h; path = IOKitLib.h; sourceTree = "<group>"; };
		DA5C7243169785BE00623135 /* iokitmig.h */ = {isa = PBXFileReference; fileEncoding = 4; lastKnownFileType = sourcecode.c.h; path = iokitmig.h; sourceTree = "<group>"; };
		DA5C7244169785BE00623135 /* IOKitServer.h */ = {isa = PBXFileReference; fileEncoding = 4; lastKnownFileType = sourcecode.c.h; path = IOKitServer.h; sourceTree = "<group>"; };
		DA5C7245169785BE00623135 /* IOMessage.h */ = {isa = PBXFileReference; fileEncoding = 4; lastKnownFileType = sourcecode.c.h; path = IOMessage.h; sourceTree = "<group>"; };
		DA5C7246169785BE00623135 /* IOReturn.h */ = {isa = PBXFileReference; fileEncoding = 4; lastKnownFileType = sourcecode.c.h; path = IOReturn.h; sourceTree = "<group>"; };
		DA5C7247169785BE00623135 /* IOSharedLock.h */ = {isa = PBXFileReference; fileEncoding = 4; lastKnownFileType = sourcecode.c.h; path = IOSharedLock.h; sourceTree = "<group>"; };
		DA5C7248169785BE00623135 /* IOTypes.h */ = {isa = PBXFileReference; fileEncoding = 4; lastKnownFileType = sourcecode.c.h; path = IOTypes.h; sourceTree = "<group>"; };
		DA5C7249169785BE00623135 /* OSMessageNotification.h */ = {isa = PBXFileReference; fileEncoding = 4; lastKnownFileType = sourcecode.c.h; path = OSMessageNotification.h; sourceTree = "<group>"; };
		DA5C724A169785BE00623135 /* IOMobileFrameBuffer.h */ = {isa = PBXFileReference; fileEncoding = 4; lastKnownFileType = sourcecode.c.h; path = IOMobileFrameBuffer.h; sourceTree = "<group>"; };
		DA5C724C1697924200623135 /* Gotham-Bold.otf */ = {isa = PBXFileReference; lastKnownFileType = file; path = "Gotham-Bold.otf"; sourceTree = "<group>"; };
		DA5C724D1697924200623135 /* Gotham-BoldItalic.otf */ = {isa = PBXFileReference; lastKnownFileType = file; path = "Gotham-BoldItalic.otf"; sourceTree = "<group>"; };
		DA5C724E1697924200623135 /* Gotham-Book.otf */ = {isa = PBXFileReference; lastKnownFileType = file; path = "Gotham-Book.otf"; sourceTree = "<group>"; };
		DA5C724F1697924200623135 /* Gotham-BookItalic.otf */ = {isa = PBXFileReference; lastKnownFileType = file; path = "Gotham-BookItalic.otf"; sourceTree = "<group>"; };
		DA5C72541697934B00623135 /* MyriadPro-Bold.otf */ = {isa = PBXFileReference; lastKnownFileType = file; path = "MyriadPro-Bold.otf"; sourceTree = "<group>"; };
		DA5C72551697934B00623135 /* MyriadPro-Regular.otf */ = {isa = PBXFileReference; lastKnownFileType = file; path = "MyriadPro-Regular.otf"; sourceTree = "<group>"; };
		DA5C725816979C8C00623135 /* RecordButton-Disabled.png */ = {isa = PBXFileReference; lastKnownFileType = image.png; path = "RecordButton-Disabled.png"; sourceTree = "<group>"; };
		DA5C725916979C8C00623135 /* RecordButton-Disabled@2x.png */ = {isa = PBXFileReference; lastKnownFileType = image.png; path = "RecordButton-Disabled@2x.png"; sourceTree = "<group>"; };
		DA5C725A16979C8C00623135 /* RecordButton-Pressed.png */ = {isa = PBXFileReference; lastKnownFileType = image.png; path = "RecordButton-Pressed.png"; sourceTree = "<group>"; };
		DA5C725B16979C8C00623135 /* RecordButton1-Normal.png */ = {isa = PBXFileReference; lastKnownFileType = image.png; path = "RecordButton1-Normal.png"; sourceTree = "<group>"; };
		DA5C725C16979C8C00623135 /* RecordButton1-Normal@2x.png */ = {isa = PBXFileReference; lastKnownFileType = image.png; path = "RecordButton1-Normal@2x.png"; sourceTree = "<group>"; };
		DA5C725D16979C8C00623135 /* RecordButton1-Pressed.png */ = {isa = PBXFileReference; lastKnownFileType = image.png; path = "RecordButton1-Pressed.png"; sourceTree = "<group>"; };
		DA5C725E16979C8C00623135 /* RecordButton1-Pressed@2x.png */ = {isa = PBXFileReference; lastKnownFileType = image.png; path = "RecordButton1-Pressed@2x.png"; sourceTree = "<group>"; };
		DA5C725F16979C8C00623135 /* RecordButton2-Normal.png */ = {isa = PBXFileReference; lastKnownFileType = image.png; path = "RecordButton2-Normal.png"; sourceTree = "<group>"; };
		DA5C726016979C8C00623135 /* RecordButton2-Normal@2x.png */ = {isa = PBXFileReference; lastKnownFileType = image.png; path = "RecordButton2-Normal@2x.png"; sourceTree = "<group>"; };
		DA5C726116979C8C00623135 /* RecordButton2-Pressed@2x.png */ = {isa = PBXFileReference; lastKnownFileType = image.png; path = "RecordButton2-Pressed@2x.png"; sourceTree = "<group>"; };
		DA5C726C1697BAE800623135 /* MTStatusBarOverlay.h */ = {isa = PBXFileReference; fileEncoding = 4; lastKnownFileType = sourcecode.c.h; name = MTStatusBarOverlay.h; path = Vendor/MTStatusBarOverlay/MTStatusBarOverlay.h; sourceTree = SOURCE_ROOT; };
		DA5C726D1697BAE800623135 /* MTStatusBarOverlay.m */ = {isa = PBXFileReference; fileEncoding = 4; lastKnownFileType = sourcecode.c.objc; name = MTStatusBarOverlay.m; path = Vendor/MTStatusBarOverlay/MTStatusBarOverlay.m; sourceTree = SOURCE_ROOT; };
		DA5C72731697BD1F00623135 /* NSTimer+Blocks.h */ = {isa = PBXFileReference; fileEncoding = 4; lastKnownFileType = sourcecode.c.h; path = "NSTimer+Blocks.h"; sourceTree = "<group>"; };
		DA5C72741697BD1F00623135 /* NSTimer+Blocks.m */ = {isa = PBXFileReference; fileEncoding = 4; lastKnownFileType = sourcecode.c.objc; path = "NSTimer+Blocks.m"; sourceTree = "<group>"; };
		DA5C72761697E78F00623135 /* nav-back-highlighted.png */ = {isa = PBXFileReference; lastKnownFileType = image.png; path = "nav-back-highlighted.png"; sourceTree = "<group>"; };
		DA5C72771697E78F00623135 /* nav-back-highlighted@2x.png */ = {isa = PBXFileReference; lastKnownFileType = image.png; path = "nav-back-highlighted@2x.png"; sourceTree = "<group>"; };
		DA5C72781697E78F00623135 /* nav-back.png */ = {isa = PBXFileReference; lastKnownFileType = image.png; path = "nav-back.png"; sourceTree = "<group>"; };
		DA5C72791697E78F00623135 /* nav-back@2x.png */ = {isa = PBXFileReference; lastKnownFileType = image.png; path = "nav-back@2x.png"; sourceTree = "<group>"; };
		DA5C727A1697E78F00623135 /* nav-button-highlighted.png */ = {isa = PBXFileReference; lastKnownFileType = image.png; path = "nav-button-highlighted.png"; sourceTree = "<group>"; };
		DA5C727B1697E78F00623135 /* nav-button-highlighted@2x.png */ = {isa = PBXFileReference; lastKnownFileType = image.png; path = "nav-button-highlighted@2x.png"; sourceTree = "<group>"; };
		DA5C727C1697E78F00623135 /* nav-button.png */ = {isa = PBXFileReference; lastKnownFileType = image.png; path = "nav-button.png"; sourceTree = "<group>"; };
		DA5C727D1697E78F00623135 /* nav-button@2x.png */ = {isa = PBXFileReference; lastKnownFileType = image.png; path = "nav-button@2x.png"; sourceTree = "<group>"; };
		DA5C72871697E88100623135 /* NGTableViewCellDeleteConfirmationControl.h */ = {isa = PBXFileReference; fileEncoding = 4; lastKnownFileType = sourcecode.c.h; path = NGTableViewCellDeleteConfirmationControl.h; sourceTree = "<group>"; };
		DA5C72881697E88100623135 /* NGTableViewCellDeleteConfirmationControl.m */ = {isa = PBXFileReference; fileEncoding = 4; lastKnownFileType = sourcecode.c.objc; path = NGTableViewCellDeleteConfirmationControl.m; sourceTree = "<group>"; };
		DA5C728A1697E9D200623135 /* QuartzCore.framework */ = {isa = PBXFileReference; lastKnownFileType = wrapper.framework; name = QuartzCore.framework; path = System/Library/Frameworks/QuartzCore.framework; sourceTree = SDKROOT; };
/* End PBXFileReference section */

/* Begin PBXFrameworksBuildPhase section */
		DA5C718B1697038500623135 /* Frameworks */ = {
			isa = PBXFrameworksBuildPhase;
			buildActionMask = 2147483647;
			files = (
				DA5C71921697038500623135 /* UIKit.framework in Frameworks */,
				DA5C71941697038500623135 /* Foundation.framework in Frameworks */,
				DA5C71961697038500623135 /* CoreGraphics.framework in Frameworks */,
				DA5C722A16977ED700623135 /* AVFoundation.framework in Frameworks */,
				DA5C722D16977EED00623135 /* CoreMedia.framework in Frameworks */,
				DA5C722E16977EED00623135 /* CoreVideo.framework in Frameworks */,
				DA5C72301697849500623135 /* MediaPlayer.framework in Frameworks */,
				DA5C728B1697E9D200623135 /* QuartzCore.framework in Frameworks */,
			);
			runOnlyForDeploymentPostprocessing = 0;
		};
/* End PBXFrameworksBuildPhase section */

/* Begin PBXGroup section */
		DA5C71851697038500623135 = {
			isa = PBXGroup;
			children = (
				DA5C71971697038500623135 /* RecordScreen */,
				DA5C71901697038500623135 /* Frameworks */,
				DA5C718F1697038500623135 /* Products */,
			);
			sourceTree = "<group>";
		};
		DA5C718F1697038500623135 /* Products */ = {
			isa = PBXGroup;
			children = (
				DA5C718E1697038500623135 /* RecordScreen.app */,
			);
			name = Products;
			sourceTree = "<group>";
		};
		DA5C71901697038500623135 /* Frameworks */ = {
			isa = PBXGroup;
			children = (
				DA5C71911697038500623135 /* UIKit.framework */,
				DA5C71931697038500623135 /* Foundation.framework */,
				DA5C71951697038500623135 /* CoreGraphics.framework */,
				DA5C722916977ED700623135 /* AVFoundation.framework */,
				DA5C722B16977EED00623135 /* CoreMedia.framework */,
				DA5C722C16977EED00623135 /* CoreVideo.framework */,
				DA5C722F1697849500623135 /* MediaPlayer.framework */,
				DA5C728A1697E9D200623135 /* QuartzCore.framework */,
			);
			name = Frameworks;
			sourceTree = "<group>";
		};
		DA5C71971697038500623135 /* RecordScreen */ = {
			isa = PBXGroup;
			children = (
				DA5C71C8169704BC00623135 /* Classes */,
				DA5C71CF169704BC00623135 /* Other Sources */,
				DA5C7231169785BE00623135 /* PrivateFrameworks */,
				DA5C71D2169704BC00623135 /* Resources */,
				DA5C72711697BD1F00623135 /* Categories */,
				DA5C72701697BAF600623135 /* Vendor */,
			);
			path = RecordScreen;
			sourceTree = "<group>";
		};
		DA5C71C8169704BC00623135 /* Classes */ = {
			isa = PBXGroup;
			children = (
				DA5C71C9169704BC00623135 /* AppDelegate.h */,
				DA5C71CA169704BC00623135 /* AppDelegate.m */,
				DA5C71CB169704BC00623135 /* RecordViewController.h */,
				DA5C71CC169704BC00623135 /* RecordViewController.m */,
				DA5C721E1697086B00623135 /* RecordingsViewController.h */,
				DA5C721F1697086B00623135 /* RecordingsViewController.m */,
			);
			path = Classes;
			sourceTree = SOURCE_ROOT;
		};
		DA5C71CF169704BC00623135 /* Other Sources */ = {
			isa = PBXGroup;
			children = (
				DA5C71D0169704BC00623135 /* main.m */,
				DA5C71D1169704BC00623135 /* RecordScreen-Prefix.pch */,
			);
			path = "Other Sources";
			sourceTree = SOURCE_ROOT;
		};
		DA5C71D2169704BC00623135 /* Resources */ = {
			isa = PBXGroup;
			children = (
				DA5C71D3169704BC00623135 /* Artwork */,
				DA5C724B1697924200623135 /* Fonts */,
				DA5C71DB169704BC00623135 /* Images */,
				DA5C71F3169704BC00623135 /* RecordScreen-Info.plist */,
			);
			path = Resources;
			sourceTree = SOURCE_ROOT;
		};
		DA5C71D3169704BC00623135 /* Artwork */ = {
			isa = PBXGroup;
			children = (
				DA5C71D4169704BC00623135 /* Default-568h@2x.png */,
				DA5C71D5169704BC00623135 /* Default.png */,
				DA5C71D6169704BC00623135 /* Default@2x.png */,
				DA5C71D7169704BC00623135 /* Icon.png */,
				DA5C71D8169704BC00623135 /* Icon@2x.png */,
				DA5C71D9169704BC00623135 /* Icon~ipad.png */,
				DA5C71DA169704BC00623135 /* Icon~ipad@2x.png */,
			);
			path = Artwork;
			sourceTree = "<group>";
		};
		DA5C71DB169704BC00623135 /* Images */ = {
			isa = PBXGroup;
			children = (
				DA5C71DC169704BC00623135 /* arches.png */,
				DA5C71DD169704BC00623135 /* arches@2x.png */,
				DA5C71DE169704BC00623135 /* archive-button-highlighted.png */,
				DA5C71DF169704BC00623135 /* archive-button-highlighted@2x.png */,
				DA5C71E0169704BC00623135 /* archive-button.png */,
				DA5C71E1169704BC00623135 /* archive-button@2x.png */,
				DA5C72761697E78F00623135 /* nav-back-highlighted.png */,
				DA5C72771697E78F00623135 /* nav-back-highlighted@2x.png */,
				DA5C72781697E78F00623135 /* nav-back.png */,
				DA5C72791697E78F00623135 /* nav-back@2x.png */,
				DA5C71E4169704BC00623135 /* nav-background.png */,
				DA5C71E5169704BC00623135 /* nav-background@2x.png */,
				DA5C727A1697E78F00623135 /* nav-button-highlighted.png */,
				DA5C727B1697E78F00623135 /* nav-button-highlighted@2x.png */,
				DA5C727C1697E78F00623135 /* nav-button.png */,
				DA5C727D1697E78F00623135 /* nav-button@2x.png */,
				DA5C725816979C8C00623135 /* RecordButton-Disabled.png */,
				DA5C725916979C8C00623135 /* RecordButton-Disabled@2x.png */,
				DA5C725A16979C8C00623135 /* RecordButton-Pressed.png */,
				DA5C725B16979C8C00623135 /* RecordButton1-Normal.png */,
				DA5C725C16979C8C00623135 /* RecordButton1-Normal@2x.png */,
				DA5C725D16979C8C00623135 /* RecordButton1-Pressed.png */,
				DA5C725E16979C8C00623135 /* RecordButton1-Pressed@2x.png */,
				DA5C725F16979C8C00623135 /* RecordButton2-Normal.png */,
				DA5C726016979C8C00623135 /* RecordButton2-Normal@2x.png */,
				DA5C726116979C8C00623135 /* RecordButton2-Pressed@2x.png */,
				DA5C722116977AF300623135 /* TabBar-Record.png */,
				DA5C722216977AF300623135 /* TabBar-Record@2x.png */,
				DA5C722316977AF300623135 /* TabBar-Recordings.png */,
				DA5C722416977AF300623135 /* TabBar-Recordings@2x.png */,
			);
			path = Images;
			sourceTree = "<group>";
		};
		DA5C7231169785BE00623135 /* PrivateFrameworks */ = {
			isa = PBXGroup;
			children = (
				DA5C7232169785BE00623135 /* CoreSurface */,
				DA5C7234169785BE00623135 /* Headers */,
				DA5C7238169785BE00623135 /* IOKit */,
				DA5C724A169785BE00623135 /* IOMobileFrameBuffer.h */,
			);
			path = PrivateFrameworks;
			sourceTree = SOURCE_ROOT;
		};
		DA5C7232169785BE00623135 /* CoreSurface */ = {
			isa = PBXGroup;
			children = (
				DA5C7233169785BE00623135 /* CoreSurface.h */,
			);
			path = CoreSurface;
			sourceTree = "<group>";
		};
		DA5C7234169785BE00623135 /* Headers */ = {
			isa = PBXGroup;
			children = (
				DA5C7235169785BE00623135 /* IOSurface.h */,
				DA5C7236169785BE00623135 /* IOSurfaceAPI.h */,
				DA5C7237169785BE00623135 /* IOSurfaceBase.h */,
			);
			path = Headers;
			sourceTree = "<group>";
		};
		DA5C7238169785BE00623135 /* IOKit */ = {
			isa = PBXGroup;
			children = (
				DA5C7239169785BE00623135 /* IOBSD.h */,
				DA5C723A169785BE00623135 /* IOCFBundle.h */,
				DA5C723B169785BE00623135 /* IOCFPlugIn.h */,
				DA5C723C169785BE00623135 /* IOCFSerialize.h */,
				DA5C723D169785BE00623135 /* IOCFUnserialize.h */,
				DA5C723E169785BE00623135 /* IOCFURLAccess.h */,
				DA5C723F169785BE00623135 /* IODataQueueClient.h */,
				DA5C7240169785BE00623135 /* IODataQueueShared.h */,
				DA5C7241169785BE00623135 /* IOKitKeys.h */,
				DA5C7242169785BE00623135 /* IOKitLib.h */,
				DA5C7243169785BE00623135 /* iokitmig.h */,
				DA5C7244169785BE00623135 /* IOKitServer.h */,
				DA5C7245169785BE00623135 /* IOMessage.h */,
				DA5C7246169785BE00623135 /* IOReturn.h */,
				DA5C7247169785BE00623135 /* IOSharedLock.h */,
				DA5C7248169785BE00623135 /* IOTypes.h */,
				DA5C7249169785BE00623135 /* OSMessageNotification.h */,
			);
			path = IOKit;
			sourceTree = "<group>";
		};
		DA5C724B1697924200623135 /* Fonts */ = {
			isa = PBXGroup;
			children = (
				DA5C724C1697924200623135 /* Gotham-Bold.otf */,
				DA5C724D1697924200623135 /* Gotham-BoldItalic.otf */,
				DA5C724E1697924200623135 /* Gotham-Book.otf */,
				DA5C724F1697924200623135 /* Gotham-BookItalic.otf */,
				DA5C72541697934B00623135 /* MyriadPro-Bold.otf */,
				DA5C72551697934B00623135 /* MyriadPro-Regular.otf */,
			);
			path = Fonts;
			sourceTree = "<group>";
		};
		DA5C726F1697BAEF00623135 /* MTStatusBarOverlay */ = {
			isa = PBXGroup;
			children = (
				DA5C726C1697BAE800623135 /* MTStatusBarOverlay.h */,
				DA5C726D1697BAE800623135 /* MTStatusBarOverlay.m */,
			);
			name = MTStatusBarOverlay;
			sourceTree = "<group>";
		};
		DA5C72701697BAF600623135 /* Vendor */ = {
			isa = PBXGroup;
			children = (
				DA5C726F1697BAEF00623135 /* MTStatusBarOverlay */,
				DA5C72861697E88100623135 /* NGTableViewCellDeleteConfirmationControl */,
			);
			name = Vendor;
			sourceTree = "<group>";
		};
		DA5C72711697BD1F00623135 /* Categories */ = {
			isa = PBXGroup;
			children = (
				DA5C72721697BD1F00623135 /* NSTimer+Blocks */,
			);
			path = Categories;
			sourceTree = SOURCE_ROOT;
		};
		DA5C72721697BD1F00623135 /* NSTimer+Blocks */ = {
			isa = PBXGroup;
			children = (
				DA5C72731697BD1F00623135 /* NSTimer+Blocks.h */,
				DA5C72741697BD1F00623135 /* NSTimer+Blocks.m */,
			);
			path = "NSTimer+Blocks";
			sourceTree = "<group>";
		};
		DA5C72861697E88100623135 /* NGTableViewCellDeleteConfirmationControl */ = {
			isa = PBXGroup;
			children = (
				DA5C72871697E88100623135 /* NGTableViewCellDeleteConfirmationControl.h */,
				DA5C72881697E88100623135 /* NGTableViewCellDeleteConfirmationControl.m */,
			);
			name = NGTableViewCellDeleteConfirmationControl;
			path = Vendor/NGTableViewCellDeleteConfirmationControl;
			sourceTree = SOURCE_ROOT;
		};
/* End PBXGroup section */

/* Begin PBXNativeTarget section */
		DA5C718D1697038500623135 /* RecordScreen */ = {
			isa = PBXNativeTarget;
			buildConfigurationList = DA5C71C51697038600623135 /* Build configuration list for PBXNativeTarget "RecordScreen" */;
			buildPhases = (
				DA5C718A1697038500623135 /* Sources */,
				DA5C718B1697038500623135 /* Frameworks */,
				DA5C718C1697038500623135 /* Resources */,
			);
			buildRules = (
			);
			dependencies = (
			);
			name = RecordScreen;
			productName = RecordScreen;
			productReference = DA5C718E1697038500623135 /* RecordScreen.app */;
			productType = "com.apple.product-type.application";
		};
/* End PBXNativeTarget section */

/* Begin PBXProject section */
		DA5C71861697038500623135 /* Project object */ = {
			isa = PBXProject;
			attributes = {
				LastUpgradeCheck = 0460;
				ORGANIZATIONNAME = "Techno-Magic";
			};
			buildConfigurationList = DA5C71891697038500623135 /* Build configuration list for PBXProject "RecordScreen" */;
			compatibilityVersion = "Xcode 3.2";
			developmentRegion = English;
			hasScannedForEncodings = 0;
			knownRegions = (
				en,
			);
			mainGroup = DA5C71851697038500623135;
			productRefGroup = DA5C718F1697038500623135 /* Products */;
			projectDirPath = "";
			projectRoot = "";
			targets = (
				DA5C718D1697038500623135 /* RecordScreen */,
			);
		};
/* End PBXProject section */

/* Begin PBXResourcesBuildPhase section */
		DA5C718C1697038500623135 /* Resources */ = {
			isa = PBXResourcesBuildPhase;
			buildActionMask = 2147483647;
			files = (
				DA5C71F8169704BC00623135 /* Default-568h@2x.png in Resources */,
				DA5C71F9169704BC00623135 /* Default.png in Resources */,
				DA5C71FA169704BC00623135 /* Default@2x.png in Resources */,
				DA5C71FB169704BC00623135 /* Icon.png in Resources */,
				DA5C71FC169704BC00623135 /* Icon@2x.png in Resources */,
				DA5C71FD169704BC00623135 /* Icon~ipad.png in Resources */,
				DA5C71FE169704BC00623135 /* Icon~ipad@2x.png in Resources */,
				DA5C71FF169704BC00623135 /* arches.png in Resources */,
				DA5C7200169704BC00623135 /* arches@2x.png in Resources */,
				DA5C7201169704BC00623135 /* archive-button-highlighted.png in Resources */,
				DA5C7202169704BC00623135 /* archive-button-highlighted@2x.png in Resources */,
				DA5C7203169704BC00623135 /* archive-button.png in Resources */,
				DA5C7204169704BC00623135 /* archive-button@2x.png in Resources */,
				DA5C7207169704BC00623135 /* nav-background.png in Resources */,
				DA5C7208169704BC00623135 /* nav-background@2x.png in Resources */,
				DA5C722516977AF300623135 /* TabBar-Record.png in Resources */,
				DA5C722616977AF300623135 /* TabBar-Record@2x.png in Resources */,
				DA5C722716977AF300623135 /* TabBar-Recordings.png in Resources */,
				DA5C722816977AF300623135 /* TabBar-Recordings@2x.png in Resources */,
				DA5C72501697924200623135 /* Gotham-Bold.otf in Resources */,
				DA5C72511697924200623135 /* Gotham-BoldItalic.otf in Resources */,
				DA5C72521697924200623135 /* Gotham-Book.otf in Resources */,
				DA5C72531697924200623135 /* Gotham-BookItalic.otf in Resources */,
				DA5C72561697934B00623135 /* MyriadPro-Bold.otf in Resources */,
				DA5C72571697934B00623135 /* MyriadPro-Regular.otf in Resources */,
				DA5C726216979C8C00623135 /* RecordButton-Disabled.png in Resources */,
				DA5C726316979C8C00623135 /* RecordButton-Disabled@2x.png in Resources */,
				DA5C726416979C8C00623135 /* RecordButton-Pressed.png in Resources */,
				DA5C726516979C8C00623135 /* RecordButton1-Normal.png in Resources */,
				DA5C726616979C8C00623135 /* RecordButton1-Normal@2x.png in Resources */,
				DA5C726716979C8C00623135 /* RecordButton1-Pressed.png in Resources */,
				DA5C726816979C8C00623135 /* RecordButton1-Pressed@2x.png in Resources */,
				DA5C726916979C8C00623135 /* RecordButton2-Normal.png in Resources */,
				DA5C726A16979C8C00623135 /* RecordButton2-Normal@2x.png in Resources */,
				DA5C726B16979C8C00623135 /* RecordButton2-Pressed@2x.png in Resources */,
				DA5C727E1697E78F00623135 /* nav-back-highlighted.png in Resources */,
				DA5C727F1697E78F00623135 /* nav-back-highlighted@2x.png in Resources */,
				DA5C72801697E78F00623135 /* nav-back.png in Resources */,
				DA5C72811697E78F00623135 /* nav-back@2x.png in Resources */,
				DA5C72821697E78F00623135 /* nav-button-highlighted.png in Resources */,
				DA5C72831697E78F00623135 /* nav-button-highlighted@2x.png in Resources */,
				DA5C72841697E78F00623135 /* nav-button.png in Resources */,
				DA5C72851697E78F00623135 /* nav-button@2x.png in Resources */,
			);
			runOnlyForDeploymentPostprocessing = 0;
		};
/* End PBXResourcesBuildPhase section */

/* Begin PBXSourcesBuildPhase section */
		DA5C718A1697038500623135 /* Sources */ = {
			isa = PBXSourcesBuildPhase;
			buildActionMask = 2147483647;
			files = (
				DA5C71F4169704BC00623135 /* AppDelegate.m in Sources */,
				DA5C71F5169704BC00623135 /* RecordViewController.m in Sources */,
				DA5C71F7169704BC00623135 /* main.m in Sources */,
				DA5C72201697086B00623135 /* RecordingsViewController.m in Sources */,
				DA5C726E1697BAE900623135 /* MTStatusBarOverlay.m in Sources */,
				DA5C72751697BD1F00623135 /* NSTimer+Blocks.m in Sources */,
				DA5C72891697E88100623135 /* NGTableViewCellDeleteConfirmationControl.m in Sources */,
			);
			runOnlyForDeploymentPostprocessing = 0;
		};
/* End PBXSourcesBuildPhase section */

/* Begin XCBuildConfiguration section */
		DA5C71C31697038600623135 /* Debug */ = {
			isa = XCBuildConfiguration;
			buildSettings = {
				ALWAYS_SEARCH_USER_PATHS = NO;
				CLANG_CXX_LANGUAGE_STANDARD = "gnu++0x";
				CLANG_CXX_LIBRARY = "libc++";
				CLANG_ENABLE_OBJC_ARC = YES;
				CLANG_WARN_CONSTANT_CONVERSION = YES;
				CLANG_WARN_EMPTY_BODY = YES;
				CLANG_WARN_ENUM_CONVERSION = YES;
				CLANG_WARN_INT_CONVERSION = YES;
				CLANG_WARN__DUPLICATE_METHOD_MATCH = YES;
				"CODE_SIGN_IDENTITY[sdk=iphoneos*]" = "iPhone Developer";
				COPY_PHASE_STRIP = NO;
				FRAMEWORK_SEARCH_PATHS = "$(SDK_DIR)/System/Library/PrivateFrameworks";
				GCC_C_LANGUAGE_STANDARD = gnu99;
				GCC_DYNAMIC_NO_PIC = NO;
				GCC_OPTIMIZATION_LEVEL = 0;
				GCC_PREPROCESSOR_DEFINITIONS = (
					"DEBUG=1",
					"$(inherited)",
				);
				GCC_SYMBOLS_PRIVATE_EXTERN = NO;
				GCC_WARN_ABOUT_RETURN_TYPE = YES;
				GCC_WARN_UNINITIALIZED_AUTOS = YES;
				GCC_WARN_UNUSED_VARIABLE = YES;
				HEADER_SEARCH_PATHS = "PrivateFrameworks/**";
				IPHONEOS_DEPLOYMENT_TARGET = 5.1;
				ONLY_ACTIVE_ARCH = YES;
				OTHER_LDFLAGS = (
					"-framework",
					IOSurface,
					"-framework",
					CoreSurface,
					"-framework",
					IOMobileFramebuffer,
					"-framework",
					IOKit,
				);
				SDKROOT = iphoneos;
				TARGETED_DEVICE_FAMILY = "1,2";
			};
			name = Debug;
		};
		DA5C71C41697038600623135 /* Release */ = {
			isa = XCBuildConfiguration;
			buildSettings = {
				ALWAYS_SEARCH_USER_PATHS = NO;
				CLANG_CXX_LANGUAGE_STANDARD = "gnu++0x";
				CLANG_CXX_LIBRARY = "libc++";
				CLANG_ENABLE_OBJC_ARC = YES;
				CLANG_WARN_CONSTANT_CONVERSION = YES;
				CLANG_WARN_EMPTY_BODY = YES;
				CLANG_WARN_ENUM_CONVERSION = YES;
				CLANG_WARN_INT_CONVERSION = YES;
				CLANG_WARN__DUPLICATE_METHOD_MATCH = YES;
				"CODE_SIGN_IDENTITY[sdk=iphoneos*]" = "iPhone Developer";
				COPY_PHASE_STRIP = YES;
				FRAMEWORK_SEARCH_PATHS = "$(SDK_DIR)/System/Library/PrivateFrameworks";
				GCC_C_LANGUAGE_STANDARD = gnu99;
				GCC_WARN_ABOUT_RETURN_TYPE = YES;
				GCC_WARN_UNINITIALIZED_AUTOS = YES;
				GCC_WARN_UNUSED_VARIABLE = YES;
				HEADER_SEARCH_PATHS = "PrivateFrameworks/**";
				IPHONEOS_DEPLOYMENT_TARGET = 5.1;
				OTHER_CFLAGS = "-DNS_BLOCK_ASSERTIONS=1";
				OTHER_LDFLAGS = (
					"-framework",
					IOSurface,
					"-framework",
					CoreSurface,
					"-framework",
					IOMobileFramebuffer,
					"-framework",
					IOKit,
				);
				SDKROOT = iphoneos;
				TARGETED_DEVICE_FAMILY = "1,2";
				VALIDATE_PRODUCT = YES;
			};
			name = Release;
		};
		DA5C71C61697038600623135 /* Debug */ = {
			isa = XCBuildConfiguration;
			buildSettings = {
				GCC_PRECOMPILE_PREFIX_HEADER = YES;
				GCC_PREFIX_HEADER = "Other Sources/RecordScreen-Prefix.pch";
				INFOPLIST_FILE = "Resources/RecordScreen-Info.plist";
				PRODUCT_NAME = "$(TARGET_NAME)";
				WRAPPER_EXTENSION = app;
			};
			name = Debug;
		};
		DA5C71C71697038600623135 /* Release */ = {
			isa = XCBuildConfiguration;
			buildSettings = {
				GCC_PRECOMPILE_PREFIX_HEADER = YES;
				GCC_PREFIX_HEADER = "Other Sources/RecordScreen-Prefix.pch";
				INFOPLIST_FILE = "Resources/RecordScreen-Info.plist";
				PRODUCT_NAME = "$(TARGET_NAME)";
				WRAPPER_EXTENSION = app;
			};
			name = Release;
		};
/* End XCBuildConfiguration section */

/* Begin XCConfigurationList section */
		DA5C71891697038500623135 /* Build configuration list for PBXProject "RecordScreen" */ = {
			isa = XCConfigurationList;
			buildConfigurations = (
				DA5C71C31697038600623135 /* Debug */,
				DA5C71C41697038600623135 /* Release */,
			);
			defaultConfigurationIsVisible = 0;
			defaultConfigurationName = Release;
		};
		DA5C71C51697038600623135 /* Build configuration list for PBXNativeTarget "RecordScreen" */ = {
			isa = XCConfigurationList;
			buildConfigurations = (
				DA5C71C61697038600623135 /* Debug */,
				DA5C71C71697038600623135 /* Release */,
			);
			defaultConfigurationIsVisible = 0;
			defaultConfigurationName = Release;
		};
/* End XCConfigurationList section */
	};
	rootObject = DA5C71861697038500623135 /* Project object */;
}
